
Microsoft Visual Studio Solution File, Format Version 10.00
# Visual Studio 2008
Project("{FAE04EC0-301F-11D3-BF4B-00C04F79EFBC}") = "VSArrange", "VSArrange\VSArrange.csproj", "{23022F2A-F97F-4570-8000-D2D9CB8EEFED}"
EndProject
Project("{FAE04EC0-301F-11D3-BF4B-00C04F79EFBC}") = "AddInCommon", "AddInCommon\AddInCommon.csproj", "{4E1C075D-9803-4DA8-884E-3033D9AB9B58}"
EndProject
Project("{FAE04EC0-301F-11D3-BF4B-00C04F79EFBC}") = "VSArrangeTest", "VSArrangeTest\VSArrangeTest.csproj", "{EC41D464-8506-4C3C-80E1-FADA19144051}"
EndProject
Project("{FAE04EC0-301F-11D3-BF4B-00C04F79EFBC}") = "CodeGeneratorCore", "CodeGeneratorCore\CodeGeneratorCore.csproj", "{5B9E49BC-C148-419C-BC2A-D0C7C00ADB82}"
EndProject
Project("{FAE04EC0-301F-11D3-BF4B-00C04F79EFBC}") = "CopyGen", "CopyGen\CopyGen.csproj", "{6874D751-FAB2-47C1-8EFF-B89DD30B69D2}"
EndProject
Project("{FAE04EC0-301F-11D3-BF4B-00C04F79EFBC}") = "TypeInfoCollector", "TypeInfoCollector\TypeInfoCollector.csproj", "{D724A126-A291-4B0B-BA2A-EB4777EAD391}"
EndProject
Project("{FAE04EC0-301F-11D3-BF4B-00C04F79EFBC}") = "CodeGeneratorCoreTest", "CodeGeneratorCoreTest\CodeGeneratorCoreTest.csproj", "{891E0C3A-A1BA-491C-A1EE-129DF7840E80}"
EndProject
Project("{FAE04EC0-301F-11D3-BF4B-00C04F79EFBC}") = "CopyGenTest", "CopyGenTest\CopyGenTest.csproj", "{83035A84-D3F3-4416-B199-2F2DEC167068}"
EndProject
Global
	GlobalSection(SolutionConfigurationPlatforms) = preSolution
		Debug|Any CPU = Debug|Any CPU
		Release|Any CPU = Release|Any CPU
	EndGlobalSection
	GlobalSection(ProjectConfigurationPlatforms) = postSolution
		{23022F2A-F97F-4570-8000-D2D9CB8EEFED}.Debug|Any CPU.ActiveCfg = Debug|Any CPU
		{23022F2A-F97F-4570-8000-D2D9CB8EEFED}.Debug|Any CPU.Build.0 = Debug|Any CPU
		{23022F2A-F97F-4570-8000-D2D9CB8EEFED}.Release|Any CPU.ActiveCfg = Release|Any CPU
		{23022F2A-F97F-4570-8000-D2D9CB8EEFED}.Release|Any CPU.Build.0 = Release|Any CPU
		{4E1C075D-9803-4DA8-884E-3033D9AB9B58}.Debug|Any CPU.ActiveCfg = Debug|Any CPU
		{4E1C075D-9803-4DA8-884E-3033D9AB9B58}.Debug|Any CPU.Build.0 = Debug|Any CPU
		{4E1C075D-9803-4DA8-884E-3033D9AB9B58}.Release|Any CPU.ActiveCfg = Release|Any CPU
		{4E1C075D-9803-4DA8-884E-3033D9AB9B58}.Release|Any CPU.Build.0 = Release|Any CPU
		{EC41D464-8506-4C3C-80E1-FADA19144051}.Debug|Any CPU.ActiveCfg = Debug|Any CPU
		{EC41D464-8506-4C3C-80E1-FADA19144051}.Debug|Any CPU.Build.0 = Debug|Any CPU
		{EC41D464-8506-4C3C-80E1-FADA19144051}.Release|Any CPU.ActiveCfg = Release|Any CPU
		{EC41D464-8506-4C3C-80E1-FADA19144051}.Release|Any CPU.Build.0 = Release|Any CPU
		{5B9E49BC-C148-419C-BC2A-D0C7C00ADB82}.Debug|Any CPU.ActiveCfg = Debug|Any CPU
		{5B9E49BC-C148-419C-BC2A-D0C7C00ADB82}.Debug|Any CPU.Build.0 = Debug|Any CPU
		{5B9E49BC-C148-419C-BC2A-D0C7C00ADB82}.Release|Any CPU.ActiveCfg = Release|Any CPU
		{5B9E49BC-C148-419C-BC2A-D0C7C00ADB82}.Release|Any CPU.Build.0 = Release|Any CPU
		{6874D751-FAB2-47C1-8EFF-B89DD30B69D2}.Debug|Any CPU.ActiveCfg = Debug|Any CPU
		{6874D751-FAB2-47C1-8EFF-B89DD30B69D2}.Debug|Any CPU.Build.0 = Debug|Any CPU
		{6874D751-FAB2-47C1-8EFF-B89DD30B69D2}.Release|Any CPU.ActiveCfg = Release|Any CPU
		{6874D751-FAB2-47C1-8EFF-B89DD30B69D2}.Release|Any CPU.Build.0 = Release|Any CPU
		{D724A126-A291-4B0B-BA2A-EB4777EAD391}.Debug|Any CPU.ActiveCfg = Debug|Any CPU
		{D724A126-A291-4B0B-BA2A-EB4777EAD391}.Debug|Any CPU.Build.0 = Debug|Any CPU
		{D724A126-A291-4B0B-BA2A-EB4777EAD391}.Release|Any CPU.ActiveCfg = Release|Any CPU
		{D724A126-A291-4B0B-BA2A-EB4777EAD391}.Release|Any CPU.Build.0 = Release|Any CPU
		{891E0C3A-A1BA-491C-A1EE-129DF7840E80}.Debug|Any CPU.ActiveCfg = Debug|Any CPU
		{891E0C3A-A1BA-491C-A1EE-129DF7840E80}.Debug|Any CPU.Build.0 = Debug|Any CPU
		{891E0C3A-A1BA-491C-A1EE-129DF7840E80}.Release|Any CPU.ActiveCfg = Release|Any CPU
		{891E0C3A-A1BA-491C-A1EE-129DF7840E80}.Release|Any CPU.Build.0 = Release|Any CPU
		{83035A84-D3F3-4416-B199-2F2DEC167068}.Debug|Any CPU.ActiveCfg = Debug|Any CPU
		{83035A84-D3F3-4416-B199-2F2DEC167068}.Debug|Any CPU.Build.0 = Debug|Any CPU
		{83035A84-D3F3-4416-B199-2F2DEC167068}.Release|Any CPU.ActiveCfg = Release|Any CPU
		{83035A84-D3F3-4416-B199-2F2DEC167068}.Release|Any CPU.Build.0 = Release|Any CPU
	EndGlobalSection
	GlobalSection(SolutionProperties) = preSolution
		HideSolutionNode = FALSE
	EndGlobalSection
EndGlobal
